// !$*UTF8*$!
{
	archiveVersion = 1;
	classes = {
	};
	objectVersion = 50;
	objects = {

/* Begin PBXBuildFile section */
		2AB66E7E24DECAD8000B51B8 /* AppDelegate.swift in Sources */ = {isa = PBXBuildFile; fileRef = 2AB66E7D24DECAD8000B51B8 /* AppDelegate.swift */; };
		2AB66E8024DECAD8000B51B8 /* SceneDelegate.swift in Sources */ = {isa = PBXBuildFile; fileRef = 2AB66E7F24DECAD8000B51B8 /* SceneDelegate.swift */; };
		2AB66E8224DECAD8000B51B8 /* ViewController.swift in Sources */ = {isa = PBXBuildFile; fileRef = 2AB66E8124DECAD8000B51B8 /* ViewController.swift */; };
		2AB66E8524DECAD8000B51B8 /* Main.storyboard in Resources */ = {isa = PBXBuildFile; fileRef = 2AB66E8324DECAD8000B51B8 /* Main.storyboard */; };
		2AB66E8724DECAD9000B51B8 /* Assets.xcassets in Resources */ = {isa = PBXBuildFile; fileRef = 2AB66E8624DECAD9000B51B8 /* Assets.xcassets */; };
		2AB66E8A24DECAD9000B51B8 /* LaunchScreen.storyboard in Resources */ = {isa = PBXBuildFile; fileRef = 2AB66E8824DECAD9000B51B8 /* LaunchScreen.storyboard */; };
		2AB66E9524DECAD9000B51B8 /* Apple_PieTests.swift in Sources */ = {isa = PBXBuildFile; fileRef = 2AB66E9424DECAD9000B51B8 /* Apple_PieTests.swift */; };
		2AB66EA024DECAD9000B51B8 /* Apple_PieUITests.swift in Sources */ = {isa = PBXBuildFile; fileRef = 2AB66E9F24DECAD9000B51B8 /* Apple_PieUITests.swift */; };
		2AB66EAE24DEDFF4000B51B8 /* Game.swift in Sources */ = {isa = PBXBuildFile; fileRef = 2AB66EAD24DEDFF4000B51B8 /* Game.swift */; };
/* End PBXBuildFile section */

/* Begin PBXContainerItemProxy section */
		2AB66E9124DECAD9000B51B8 /* PBXContainerItemProxy */ = {
			isa = PBXContainerItemProxy;
			containerPortal = 2AB66E7224DECAD8000B51B8 /* Project object */;
			proxyType = 1;
			remoteGlobalIDString = 2AB66E7924DECAD8000B51B8;
			remoteInfo = "Apple Pie";
		};
		2AB66E9C24DECAD9000B51B8 /* PBXContainerItemProxy */ = {
			isa = PBXContainerItemProxy;
			containerPortal = 2AB66E7224DECAD8000B51B8 /* Project object */;
			proxyType = 1;
			remoteGlobalIDString = 2AB66E7924DECAD8000B51B8;
			remoteInfo = "Apple Pie";
		};
/* End PBXContainerItemProxy section */

/* Begin PBXFileReference section */
		2AB66E7A24DECAD8000B51B8 /* Apple Pie.app */ = {isa = PBXFileReference; explicitFileType = wrapper.application; includeInIndex = 0; path = "Apple Pie.app"; sourceTree = BUILT_PRODUCTS_DIR; };
		2AB66E7D24DECAD8000B51B8 /* AppDelegate.swift */ = {isa = PBXFileReference; lastKnownFileType = sourcecode.swift; path = AppDelegate.swift; sourceTree = "<group>"; };
		2AB66E7F24DECAD8000B51B8 /* SceneDelegate.swift */ = {isa = PBXFileReference; lastKnownFileType = sourcecode.swift; path = SceneDelegate.swift; sourceTree = "<group>"; };
		2AB66E8124DECAD8000B51B8 /* ViewController.swift */ = {isa = PBXFileReference; lastKnownFileType = sourcecode.swift; path = ViewController.swift; sourceTree = "<group>"; };
		2AB66E8424DECAD8000B51B8 /* Base */ = {isa = PBXFileReference; lastKnownFileType = file.storyboard; name = Base; path = Base.lproj/Main.storyboard; sourceTree = "<group>"; };
		2AB66E8624DECAD9000B51B8 /* Assets.xcassets */ = {isa = PBXFileReference; lastKnownFileType = folder.assetcatalog; path = Assets.xcassets; sourceTree = "<group>"; };
		2AB66E8924DECAD9000B51B8 /* Base */ = {isa = PBXFileReference; lastKnownFileType = file.storyboard; name = Base; path = Base.lproj/LaunchScreen.storyboard; sourceTree = "<group>"; };
		2AB66E8B24DECAD9000B51B8 /* Info.plist */ = {isa = PBXFileReference; lastKnownFileType = text.plist.xml; path = Info.plist; sourceTree = "<group>"; };
		2AB66E9024DECAD9000B51B8 /* Apple PieTests.xctest */ = {isa = PBXFileReference; explicitFileType = wrapper.cfbundle; includeInIndex = 0; path = "Apple PieTests.xctest"; sourceTree = BUILT_PRODUCTS_DIR; };
		2AB66E9424DECAD9000B51B8 /* Apple_PieTests.swift */ = {isa = PBXFileReference; lastKnownFileType = sourcecode.swift; path = Apple_PieTests.swift; sourceTree = "<group>"; };
		2AB66E9624DECAD9000B51B8 /* Info.plist */ = {isa = PBXFileReference; lastKnownFileType = text.plist.xml; path = Info.plist; sourceTree = "<group>"; };
		2AB66E9B24DECAD9000B51B8 /* Apple PieUITests.xctest */ = {isa = PBXFileReference; explicitFileType = wrapper.cfbundle; includeInIndex = 0; path = "Apple PieUITests.xctest"; sourceTree = BUILT_PRODUCTS_DIR; };
		2AB66E9F24DECAD9000B51B8 /* Apple_PieUITests.swift */ = {isa = PBXFileReference; lastKnownFileType = sourcecode.swift; path = Apple_PieUITests.swift; sourceTree = "<group>"; };
		2AB66EA124DECAD9000B51B8 /* Info.plist */ = {isa = PBXFileReference; lastKnownFileType = text.plist.xml; path = Info.plist; sourceTree = "<group>"; };
		2AB66EAD24DEDFF4000B51B8 /* Game.swift */ = {isa = PBXFileReference; lastKnownFileType = sourcecode.swift; path = Game.swift; sourceTree = "<group>"; };
/* End PBXFileReference section */

/* Begin PBXFrameworksBuildPhase section */
		2AB66E7724DECAD8000B51B8 /* Frameworks */ = {
			isa = PBXFrameworksBuildPhase;
			buildActionMask = 2147483647;
			files = (
			);
			runOnlyForDeploymentPostprocessing = 0;
		};
		2AB66E8D24DECAD9000B51B8 /* Frameworks */ = {
			isa = PBXFrameworksBuildPhase;
			buildActionMask = 2147483647;
			files = (
			);
			runOnlyForDeploymentPostprocessing = 0;
		};
		2AB66E9824DECAD9000B51B8 /* Frameworks */ = {
			isa = PBXFrameworksBuildPhase;
			buildActionMask = 2147483647;
			files = (
			);
			runOnlyForDeploymentPostprocessing = 0;
		};
/* End PBXFrameworksBuildPhase section */

/* Begin PBXGroup section */
		2AB66E7124DECAD8000B51B8 = {
			isa = PBXGroup;
			children = (
				2AB66E7C24DECAD8000B51B8 /* Apple Pie */,
				2AB66E9324DECAD9000B51B8 /* Apple PieTests */,
				2AB66E9E24DECAD9000B51B8 /* Apple PieUITests */,
				2AB66E7B24DECAD8000B51B8 /* Products */,
			);
			sourceTree = "<group>";
		};
		2AB66E7B24DECAD8000B51B8 /* Products */ = {
			isa = PBXGroup;
			children = (
				2AB66E7A24DECAD8000B51B8 /* Apple Pie.app */,
				2AB66E9024DECAD9000B51B8 /* Apple PieTests.xctest */,
				2AB66E9B24DECAD9000B51B8 /* Apple PieUITests.xctest */,
			);
			name = Products;
			sourceTree = "<group>";
		};
		2AB66E7C24DECAD8000B51B8 /* Apple Pie */ = {
			isa = PBXGroup;
			children = (
				2AB66E7D24DECAD8000B51B8 /* AppDelegate.swift */,
				2AB66E7F24DECAD8000B51B8 /* SceneDelegate.swift */,
				2AB66E8124DECAD8000B51B8 /* ViewController.swift */,
				2AB66E8324DECAD8000B51B8 /* Main.storyboard */,
				2AB66EAD24DEDFF4000B51B8 /* Game.swift */,
				2AB66E8624DECAD9000B51B8 /* Assets.xcassets */,
				2AB66E8824DECAD9000B51B8 /* LaunchScreen.storyboard */,
				2AB66E8B24DECAD9000B51B8 /* Info.plist */,
			);
			path = "Apple Pie";
			sourceTree = "<group>";
		};
		2AB66E9324DECAD9000B51B8 /* Apple PieTests */ = {
			isa = PBXGroup;
			children = (
				2AB66E9424DECAD9000B51B8 /* Apple_PieTests.swift */,
				2AB66E9624DECAD9000B51B8 /* Info.plist */,
			);
			path = "Apple PieTests";
			sourceTree = "<group>";
		};
		2AB66E9E24DECAD9000B51B8 /* Apple PieUITests */ = {
			isa = PBXGroup;
			children = (
				2AB66E9F24DECAD9000B51B8 /* Apple_PieUITests.swift */,
				2AB66EA124DECAD9000B51B8 /* Info.plist */,
			);
			path = "Apple PieUITests";
			sourceTree = "<group>";
		};
/* End PBXGroup section */

/* Begin PBXNativeTarget section */
		2AB66E7924DECAD8000B51B8 /* Apple Pie */ = {
			isa = PBXNativeTarget;
			buildConfigurationList = 2AB66EA424DECAD9000B51B8 /* Build configuration list for PBXNativeTarget "Apple Pie" */;
			buildPhases = (
				2AB66E7624DECAD8000B51B8 /* Sources */,
				2AB66E7724DECAD8000B51B8 /* Frameworks */,
				2AB66E7824DECAD8000B51B8 /* Resources */,
			);
			buildRules = (
			);
			dependencies = (
			);
			name = "Apple Pie";
			productName = "Apple Pie";
			productReference = 2AB66E7A24DECAD8000B51B8 /* Apple Pie.app */;
			productType = "com.apple.product-type.application";
		};
		2AB66E8F24DECAD9000B51B8 /* Apple PieTests */ = {
			isa = PBXNativeTarget;
			buildConfigurationList = 2AB66EA724DECAD9000B51B8 /* Build configuration list for PBXNativeTarget "Apple PieTests" */;
			buildPhases = (
				2AB66E8C24DECAD9000B51B8 /* Sources */,
				2AB66E8D24DECAD9000B51B8 /* Frameworks */,
				2AB66E8E24DECAD9000B51B8 /* Resources */,
			);
			buildRules = (
			);
			dependencies = (
				2AB66E9224DECAD9000B51B8 /* PBXTargetDependency */,
			);
			name = "Apple PieTests";
			productName = "Apple PieTests";
			productReference = 2AB66E9024DECAD9000B51B8 /* Apple PieTests.xctest */;
			productType = "com.apple.product-type.bundle.unit-test";
		};
		2AB66E9A24DECAD9000B51B8 /* Apple PieUITests */ = {
			isa = PBXNativeTarget;
			buildConfigurationList = 2AB66EAA24DECAD9000B51B8 /* Build configuration list for PBXNativeTarget "Apple PieUITests" */;
			buildPhases = (
				2AB66E9724DECAD9000B51B8 /* Sources */,
				2AB66E9824DECAD9000B51B8 /* Frameworks */,
				2AB66E9924DECAD9000B51B8 /* Resources */,
			);
			buildRules = (
			);
			dependencies = (
				2AB66E9D24DECAD9000B51B8 /* PBXTargetDependency */,
			);
			name = "Apple PieUITests";
			productName = "Apple PieUITests";
			productReference = 2AB66E9B24DECAD9000B51B8 /* Apple PieUITests.xctest */;
			productType = "com.apple.product-type.bundle.ui-testing";
		};
/* End PBXNativeTarget section */

/* Begin PBXProject section */
		2AB66E7224DECAD8000B51B8 /* Project object */ = {
			isa = PBXProject;
			attributes = {
				LastSwiftUpdateCheck = 1150;
				LastUpgradeCheck = 1150;
				ORGANIZATIONNAME = "Sophie Kim";
				TargetAttributes = {
					2AB66E7924DECAD8000B51B8 = {
						CreatedOnToolsVersion = 11.5;
					};
					2AB66E8F24DECAD9000B51B8 = {
						CreatedOnToolsVersion = 11.5;
						TestTargetID = 2AB66E7924DECAD8000B51B8;
					};
					2AB66E9A24DECAD9000B51B8 = {
						CreatedOnToolsVersion = 11.5;
						TestTargetID = 2AB66E7924DECAD8000B51B8;
					};
				};
			};
			buildConfigurationList = 2AB66E7524DECAD8000B51B8 /* Build configuration list for PBXProject "Apple Pie" */;
			compatibilityVersion = "Xcode 9.3";
			developmentRegion = en;
			hasScannedForEncodings = 0;
			knownRegions = (
				en,
				Base,
			);
			mainGroup = 2AB66E7124DECAD8000B51B8;
			productRefGroup = 2AB66E7B24DECAD8000B51B8 /* Products */;
			projectDirPath = "";
			projectRoot = "";
			targets = (
				2AB66E7924DECAD8000B51B8 /* Apple Pie */,
				2AB66E8F24DECAD9000B51B8 /* Apple PieTests */,
				2AB66E9A24DECAD9000B51B8 /* Apple PieUITests */,
			);
		};
/* End PBXProject section */

/* Begin PBXResourcesBuildPhase section */
		2AB66E7824DECAD8000B51B8 /* Resources */ = {
			isa = PBXResourcesBuildPhase;
			buildActionMask = 2147483647;
			files = (
				2AB66E8A24DECAD9000B51B8 /* LaunchScreen.storyboard in Resources */,
				2AB66E8724DECAD9000B51B8 /* Assets.xcassets in Resources */,
				2AB66E8524DECAD8000B51B8 /* Main.storyboard in Resources */,
			);
			runOnlyForDeploymentPostprocessing = 0;
		};
		2AB66E8E24DECAD9000B51B8 /* Resources */ = {
			isa = PBXResourcesBuildPhase;
			buildActionMask = 2147483647;
			files = (
			);
			runOnlyForDeploymentPostprocessing = 0;
		};
		2AB66E9924DECAD9000B51B8 /* Resources */ = {
			isa = PBXResourcesBuildPhase;
			buildActionMask = 2147483647;
			files = (
			);
			runOnlyForDeploymentPostprocessing = 0;
		};
/* End PBXResourcesBuildPhase section */

/* Begin PBXSourcesBuildPhase section */
		2AB66E7624DECAD8000B51B8 /* Sources */ = {
			isa = PBXSourcesBuildPhase;
			buildActionMask = 2147483647;
			files = (
				2AB66E8224DECAD8000B51B8 /* ViewController.swift in Sources */,
				2AB66E7E24DECAD8000B51B8 /* AppDelegate.swift in Sources */,
				2AB66E8024DECAD8000B51B8 /* SceneDelegate.swift in Sources */,
				2AB66EAE24DEDFF4000B51B8 /* Game.swift in Sources */,
			);
			runOnlyForDeploymentPostprocessing = 0;
		};
		2AB66E8C24DECAD9000B51B8 /* Sources */ = {
			isa = PBXSourcesBuildPhase;
			buildActionMask = 2147483647;
			files = (
				2AB66E9524DECAD9000B51B8 /* Apple_PieTests.swift in Sources */,
			);
			runOnlyForDeploymentPostprocessing = 0;
		};
		2AB66E9724DECAD9000B51B8 /* Sources */ = {
			isa = PBXSourcesBuildPhase;
			buildActionMask = 2147483647;
			files = (
				2AB66EA024DECAD9000B51B8 /* Apple_PieUITests.swift in Sources */,
			);
			runOnlyForDeploymentPostprocessing = 0;
		};
/* End PBXSourcesBuildPhase section */

/* Begin PBXTargetDependency section */
		2AB66E9224DECAD9000B51B8 /* PBXTargetDependency */ = {
			isa = PBXTargetDependency;
			target = 2AB66E7924DECAD8000B51B8 /* Apple Pie */;
			targetProxy = 2AB66E9124DECAD9000B51B8 /* PBXContainerItemProxy */;
		};
		2AB66E9D24DECAD9000B51B8 /* PBXTargetDependency */ = {
			isa = PBXTargetDependency;
			target = 2AB66E7924DECAD8000B51B8 /* Apple Pie */;
			targetProxy = 2AB66E9C24DECAD9000B51B8 /* PBXContainerItemProxy */;
		};
/* End PBXTargetDependency section */

/* Begin PBXVariantGroup section */
		2AB66E8324DECAD8000B51B8 /* Main.storyboard */ = {
			isa = PBXVariantGroup;
			children = (
				2AB66E8424DECAD8000B51B8 /* Base */,
			);
			name = Main.storyboard;
			sourceTree = "<group>";
		};
		2AB66E8824DECAD9000B51B8 /* LaunchScreen.storyboard */ = {
			isa = PBXVariantGroup;
			children = (
				2AB66E8924DECAD9000B51B8 /* Base */,
			);
			name = LaunchScreen.storyboard;
			sourceTree = "<group>";
		};
/* End PBXVariantGroup section */

/* Begin XCBuildConfiguration section */
		2AB66EA224DECAD9000B51B8 /* Debug */ = {
			isa = XCBuildConfiguration;
			buildSettings = {
				ALWAYS_SEARCH_USER_PATHS = NO;
				CLANG_ANALYZER_NONNULL = YES;
				CLANG_ANALYZER_NUMBER_OBJECT_CONVERSION = YES_AGGRESSIVE;
				CLANG_CXX_LANGUAGE_STANDARD = "gnu++14";
				CLANG_CXX_LIBRARY = "libc++";
				CLANG_ENABLE_MODULES = YES;
				CLANG_ENABLE_OBJC_ARC = YES;
				CLANG_ENABLE_OBJC_WEAK = YES;
				CLANG_WARN_BLOCK_CAPTURE_AUTORELEASING = YES;
				CLANG_WARN_BOOL_CONVERSION = YES;
				CLANG_WARN_COMMA = YES;
				CLANG_WARN_CONSTANT_CONVERSION = YES;
				CLANG_WARN_DEPRECATED_OBJC_IMPLEMENTATIONS = YES;
				CLANG_WARN_DIRECT_OBJC_ISA_USAGE = YES_ERROR;
				CLANG_WARN_DOCUMENTATION_COMMENTS = YES;
				CLANG_WARN_EMPTY_BODY = YES;
				CLANG_WARN_ENUM_CONVERSION = YES;
				CLANG_WARN_INFINITE_RECURSION = YES;
				CLANG_WARN_INT_CONVERSION = YES;
				CLANG_WARN_NON_LITERAL_NULL_CONVERSION = YES;
				CLANG_WARN_OBJC_IMPLICIT_RETAIN_SELF = YES;
				CLANG_WARN_OBJC_LITERAL_CONVERSION = YES;
				CLANG_WARN_OBJC_ROOT_CLASS = YES_ERROR;
				CLANG_WARN_RANGE_LOOP_ANALYSIS = YES;
				CLANG_WARN_STRICT_PROTOTYPES = YES;
				CLANG_WARN_SUSPICIOUS_MOVE = YES;
				CLANG_WARN_UNGUARDED_AVAILABILITY = YES_AGGRESSIVE;
				CLANG_WARN_UNREACHABLE_CODE = YES;
				CLANG_WARN__DUPLICATE_METHOD_MATCH = YES;
				COPY_PHASE_STRIP = NO;
				DEBUG_INFORMATION_FORMAT = dwarf;
				ENABLE_STRICT_OBJC_MSGSEND = YES;
				ENABLE_TESTABILITY = YES;
				GCC_C_LANGUAGE_STANDARD = gnu11;
				GCC_DYNAMIC_NO_PIC = NO;
				GCC_NO_COMMON_BLOCKS = YES;
				GCC_OPTIMIZATION_LEVEL = 0;
				GCC_PREPROCESSOR_DEFINITIONS = (
					"DEBUG=1",
					"$(inherited)",
				);
				GCC_WARN_64_TO_32_BIT_CONVERSION = YES;
				GCC_WARN_ABOUT_RETURN_TYPE = YES_ERROR;
				GCC_WARN_UNDECLARED_SELECTOR = YES;
				GCC_WARN_UNINITIALIZED_AUTOS = YES_AGGRESSIVE;
				GCC_WARN_UNUSED_FUNCTION = YES;
				GCC_WARN_UNUSED_VARIABLE = YES;
				IPHONEOS_DEPLOYMENT_TARGET = 13.5;
				MTL_ENABLE_DEBUG_INFO = INCLUDE_SOURCE;
				MTL_FAST_MATH = YES;
				ONLY_ACTIVE_ARCH = YES;
				SDKROOT = iphoneos;
				SWIFT_ACTIVE_COMPILATION_CONDITIONS = DEBUG;
				SWIFT_OPTIMIZATION_LEVEL = "-Onone";
			};
			name = Debug;
		};
		2AB66EA324DECAD9000B51B8 /* Release */ = {
			isa = XCBuildConfiguration;
			buildSettings = {
				ALWAYS_SEARCH_USER_PATHS = NO;
				CLANG_ANALYZER_NONNULL = YES;
				CLANG_ANALYZER_NUMBER_OBJECT_CONVERSION = YES_AGGRESSIVE;
				CLANG_CXX_LANGUAGE_STANDARD = "gnu++14";
				CLANG_CXX_LIBRARY = "libc++";
				CLANG_ENABLE_MODULES = YES;
				CLANG_ENABLE_OBJC_ARC = YES;
				CLANG_ENABLE_OBJC_WEAK = YES;
				CLANG_WARN_BLOCK_CAPTURE_AUTORELEASING = YES;
				CLANG_WARN_BOOL_CONVERSION = YES;
				CLANG_WARN_COMMA = YES;
				CLANG_WARN_CONSTANT_CONVERSION = YES;
				CLANG_WARN_DEPRECATED_OBJC_IMPLEMENTATIONS = YES;
				CLANG_WARN_DIRECT_OBJC_ISA_USAGE = YES_ERROR;
				CLANG_WARN_DOCUMENTATION_COMMENTS = YES;
				CLANG_WARN_EMPTY_BODY = YES;
				CLANG_WARN_ENUM_CONVERSION = YES;
				CLANG_WARN_INFINITE_RECURSION = YES;
				CLANG_WARN_INT_CONVERSION = YES;
				CLANG_WARN_NON_LITERAL_NULL_CONVERSION = YES;
				CLANG_WARN_OBJC_IMPLICIT_RETAIN_SELF = YES;
				CLANG_WARN_OBJC_LITERAL_CONVERSION = YES;
				CLANG_WARN_OBJC_ROOT_CLASS = YES_ERROR;
				CLANG_WARN_RANGE_LOOP_ANALYSIS = YES;
				CLANG_WARN_STRICT_PROTOTYPES = YES;
				CLANG_WARN_SUSPICIOUS_MOVE = YES;
				CLANG_WARN_UNGUARDED_AVAILABILITY = YES_AGGRESSIVE;
				CLANG_WARN_UNREACHABLE_CODE = YES;
				CLANG_WARN__DUPLICATE_METHOD_MATCH = YES;
				COPY_PHASE_STRIP = NO;
				DEBUG_INFORMATION_FORMAT = "dwarf-with-dsym";
				ENABLE_NS_ASSERTIONS = NO;
				ENABLE_STRICT_OBJC_MSGSEND = YES;
				GCC_C_LANGUAGE_STANDARD = gnu11;
				GCC_NO_COMMON_BLOCKS = YES;
				GCC_WARN_64_TO_32_BIT_CONVERSION = YES;
				GCC_WARN_ABOUT_RETURN_TYPE = YES_ERROR;
				GCC_WARN_UNDECLARED_SELECTOR = YES;
				GCC_WARN_UNINITIALIZED_AUTOS = YES_AGGRESSIVE;
				GCC_WARN_UNUSED_FUNCTION = YES;
				GCC_WARN_UNUSED_VARIABLE = YES;
				IPHONEOS_DEPLOYMENT_TARGET = 13.5;
				MTL_ENABLE_DEBUG_INFO = NO;
				MTL_FAST_MATH = YES;
				SDKROOT = iphoneos;
				SWIFT_COMPILATION_MODE = wholemodule;
				SWIFT_OPTIMIZATION_LEVEL = "-O";
				VALIDATE_PRODUCT = YES;
			};
			name = Release;
		};
		2AB66EA524DECAD9000B51B8 /* Debug */ = {
			isa = XCBuildConfiguration;
			buildSettings = {
				ASSETCATALOG_COMPILER_APPICON_NAME = AppIcon;
				CODE_SIGN_STYLE = Automatic;
				DEVELOPMENT_TEAM = 74DA9KB98N;
				INFOPLIST_FILE = "Apple Pie/Info.plist";
				LD_RUNPATH_SEARCH_PATHS = (
					"$(inherited)",
					"@executable_path/Frameworks",
				);
				PRODUCT_BUNDLE_IDENTIFIER = "com.sophiekim.Apple-Pie";
				PRODUCT_NAME = "$(TARGET_NAME)";
				SWIFT_VERSION = 5.0;
				TARGETED_DEVICE_FAMILY = 2;
			};
			name = Debug;
		};
		2AB66EA624DECAD9000B51B8 /* Release */ = {
			isa = XCBuildConfiguration;
			buildSettings = {
				ASSETCATALOG_COMPILER_APPICON_NAME = AppIcon;
				CODE_SIGN_STYLE = Automatic;
				DEVELOPMENT_TEAM = 74DA9KB98N;
				INFOPLIST_FILE = "Apple Pie/Info.plist";
				LD_RUNPATH_SEARCH_PATHS = (
					"$(inherited)",
					"@executable_path/Frameworks",
				);
				PRODUCT_BUNDLE_IDENTIFIER = "com.sophiekim.Apple-Pie";
				PRODUCT_NAME = "$(TARGET_NAME)";
				SWIFT_VERSION = 5.0;
				TARGETED_DEVICE_FAMILY = 2;
			};
			name = Release;
		};
		2AB66EA824DECAD9000B51B8 /* Debug */ = {
			isa = XCBuildConfiguration;
			buildSettings = {
				ALWAYS_EMBED_SWIFT_STANDARD_LIBRARIES = YES;
				BUNDLE_LOADER = "$(TEST_HOST)";
				CODE_SIGN_STYLE = Automatic;
				DEVELOPMENT_TEAM = 74DA9KB98N;
				INFOPLIST_FILE = "Apple PieTests/Info.plist";
				IPHONEOS_DEPLOYMENT_TARGET = 13.5;
				LD_RUNPATH_SEARCH_PATHS = (
					"$(inherited)",
					"@executable_path/Frameworks",
					"@loader_path/Frameworks",
				);
				PRODUCT_BUNDLE_IDENTIFIER = "com.sophiekim.Apple-PieTests";
				PRODUCT_NAME = "$(TARGET_NAME)";
				SWIFT_VERSION = 5.0;
				TARGETED_DEVICE_FAMILY = "1,2";
				TEST_HOST = "$(BUILT_PRODUCTS_DIR)/Apple Pie.app/Apple Pie";
			};
			name = Debug;
		};
		2AB66EA924DECAD9000B51B8 /* Release */ = {
			isa = XCBuildConfiguration;
			buildSettings = {
				ALWAYS_EMBED_SWIFT_STANDARD_LIBRARIES = YES;
				BUNDLE_LOADER = "$(TEST_HOST)";
				CODE_SIGN_STYLE = Automatic;
				DEVELOPMENT_TEAM = 74DA9KB98N;
				INFOPLIST_FILE = "Apple PieTests/Info.plist";
				IPHONEOS_DEPLOYMENT_TARGET = 13.5;
				LD_RUNPATH_SEARCH_PATHS = (
					"$(inherited)",
					"@executable_path/Frameworks",
					"@loader_path/Frameworks",
				);
				PRODUCT_BUNDLE_IDENTIFIER = "com.sophiekim.Apple-PieTests";
				PRODUCT_NAME = "$(TARGET_NAME)";
				SWIFT_VERSION = 5.0;
				TARGETED_DEVICE_FAMILY = "1,2";
				TEST_HOST = "$(BUILT_PRODUCTS_DIR)/Apple Pie.app/Apple Pie";
			};
			name = Release;
		};
		2AB66EAB24DECAD9000B51B8 /* Debug */ = {
			isa = XCBuildConfiguration;
			buildSettings = {
				ALWAYS_EMBED_SWIFT_STANDARD_LIBRARIES = YES;
				CODE_SIGN_STYLE = Automatic;
				DEVELOPMENT_TEAM = 74DA9KB98N;
				INFOPLIST_FILE = "Apple PieUITests/Info.plist";
				LD_RUNPATH_SEARCH_PATHS = (
					"$(inherited)",
					"@executable_path/Frameworks",
					"@loader_path/Frameworks",
				);
				PRODUCT_BUNDLE_IDENTIFIER = "com.sophiekim.Apple-PieUITests";
				PRODUCT_NAME = "$(TARGET_NAME)";
				SWIFT_VERSION = 5.0;
				TARGETED_DEVICE_FAMILY = "1,2";
				TEST_TARGET_NAME = "Apple Pie";
			};
			name = Debug;
		};
		2AB66EAC24DECAD9000B51B8 /* Release */ = {
			isa = XCBuildConfiguration;
			buildSettings = {
				ALWAYS_EMBED_SWIFT_STANDARD_LIBRARIES = YES;
				CODE_SIGN_STYLE = Automatic;
				DEVELOPMENT_TEAM = 74DA9KB98N;
				INFOPLIST_FILE = "Apple PieUITests/Info.plist";
				LD_RUNPATH_SEARCH_PATHS = (
					"$(inherited)",
					"@executable_path/Frameworks",
					"@loader_path/Frameworks",
				);
				PRODUCT_BUNDLE_IDENTIFIER = "com.sophiekim.Apple-PieUITests";
				PRODUCT_NAME = "$(TARGET_NAME)";
				SWIFT_VERSION = 5.0;
				TARGETED_DEVICE_FAMILY = "1,2";
				TEST_TARGET_NAME = "Apple Pie";
			};
			name = Release;
		};
/* End XCBuildConfiguration section */

/* Begin XCConfigurationList section */
		2AB66E7524DECAD8000B51B8 /* Build configuration list for PBXProject "Apple Pie" */ = {
			isa = XCConfigurationList;
			buildConfigurations = (
				2AB66EA224DECAD9000B51B8 /* Debug */,
				2AB66EA324DECAD9000B51B8 /* Release */,
			);
			defaultConfigurationIsVisible = 0;
			defaultConfigurationName = Release;
		};
		2AB66EA424DECAD9000B51B8 /* Build configuration list for PBXNativeTarget "Apple Pie" */ = {
			isa = XCConfigurationList;
			buildConfigurations = (
				2AB66EA524DECAD9000B51B8 /* Debug */,
				2AB66EA624DECAD9000B51B8 /* Release */,
			);
			defaultConfigurationIsVisible = 0;
			defaultConfigurationName = Release;
		};
		2AB66EA724DECAD9000B51B8 /* Build configuration list for PBXNativeTarget "Apple PieTests" */ = {
			isa = XCConfigurationList;
			buildConfigurations = (
				2AB66EA824DECAD9000B51B8 /* Debug */,
				2AB66EA924DECAD9000B51B8 /* Release */,
			);
			defaultConfigurationIsVisible = 0;
			defaultConfigurationName = Release;
		};
		2AB66EAA24DECAD9000B51B8 /* Build configuration list for PBXNativeTarget "Apple PieUITests" */ = {
			isa = XCConfigurationList;
			buildConfigurations = (
				2AB66EAB24DECAD9000B51B8 /* Debug */,
				2AB66EAC24DECAD9000B51B8 /* Release */,
			);
			defaultConfigurationIsVisible = 0;
			defaultConfigurationName = Release;
		};
/* End XCConfigurationList section */
	};
	rootObject = 2AB66E7224DECAD8000B51B8 /* Project object */;
}
